
Microsoft Visual Studio Solution File, Format Version 12.00
# Visual Studio 14
VisualStudioVersion = 14.0.25420.1
MinimumVisualStudioVersion = 10.0.40219.1
Project("{FAE04EC0-301F-11D3-BF4B-00C04F79EFBC}") = "UnitTest", "UnitTest\UnitTest.csproj", "{4AAF06C2-17BB-4592-AC41-7F1374B6463B}"
EndProject
Project("{FAE04EC0-301F-11D3-BF4B-00C04F79EFBC}") = "UnitTestProject1", "UnitTestProject1\UnitTestProject1.csproj", "{AB741B5B-E224-4CD3-AE86-D5B6C44A5275}"
EndProject
Project("{FAE04EC0-301F-11D3-BF4B-00C04F79EFBC}") = "NUnitTestProject2", "NUnitTestProject2\NUnitTestProject2.csproj", "{D5DCEA37-3B00-4242-8489-57E3B7267A5A}"
EndProject
Global
	GlobalSection(SolutionConfigurationPlatforms) = preSolution
		Debug|Any CPU = Debug|Any CPU
		Release|Any CPU = Release|Any CPU
	EndGlobalSection
	GlobalSection(ProjectConfigurationPlatforms) = postSolution
		{4AAF06C2-17BB-4592-AC41-7F1374B6463B}.Debug|Any CPU.ActiveCfg = Debug|Any CPU
		{4AAF06C2-17BB-4592-AC41-7F1374B6463B}.Debug|Any CPU.Build.0 = Debug|Any CPU
		{4AAF06C2-17BB-4592-AC41-7F1374B6463B}.Release|Any CPU.ActiveCfg = Release|Any CPU
		{4AAF06C2-17BB-4592-AC41-7F1374B6463B}.Release|Any CPU.Build.0 = Release|Any CPU
		{AB741B5B-E224-4CD3-AE86-D5B6C44A5275}.Debug|Any CPU.ActiveCfg = Debug|Any CPU
		{AB741B5B-E224-4CD3-AE86-D5B6C44A5275}.Debug|Any CPU.Build.0 = Debug|Any CPU
		{AB741B5B-E224-4CD3-AE86-D5B6C44A5275}.Release|Any CPU.ActiveCfg = Release|Any CPU
		{AB741B5B-E224-4CD3-AE86-D5B6C44A5275}.Release|Any CPU.Build.0 = Release|Any CPU
		{D5DCEA37-3B00-4242-8489-57E3B7267A5A}.Debug|Any CPU.ActiveCfg = Debug|Any CPU
		{D5DCEA37-3B00-4242-8489-57E3B7267A5A}.Debug|Any CPU.Build.0 = Debug|Any CPU
		{D5DCEA37-3B00-4242-8489-57E3B7267A5A}.Release|Any CPU.ActiveCfg = Release|Any CPU
		{D5DCEA37-3B00-4242-8489-57E3B7267A5A}.Release|Any CPU.Build.0 = Release|Any CPU
	EndGlobalSection
	GlobalSection(SolutionProperties) = preSolution
		HideSolutionNode = FALSE
	EndGlobalSection
EndGlobal
